{
  "requires": true,
  "lockfileVersion": 1,
  "dependencies": {
    "@angular/core": {
      "version": "4.4.4",
      "resolved": "https://registry.npmjs.org/@angular/core/-/core-4.4.4.tgz",
      "integrity": "sha1-vTfs9UFY+XSJmWyThr0iL4CjL1w=",
      "requires": {
        "tslib": "1.8.0"
      }
    },
    "@omneedia/app": {
      "version": "1.0.18",
      "resolved": "https://registry.npmjs.org/@omneedia/app/-/app-1.0.18.tgz",
      "integrity": "sha512-hhjB5tjHaXh+ExBfMaQfqhCoi1BzK5urUyE7+IkOCfORfGM5yamto5ltzXq5ctMq3aoPOBheIJyHfBgZX0TbBw=="
    },
    "ionic-angular": {
      "version": "3.7.1",
      "resolved": "https://registry.npmjs.org/ionic-angular/-/ionic-angular-3.7.1.tgz",
      "integrity": "sha512-FNRf+rR+R9aoS5BZfd5uO0ffjuJDi00WCM3rsXGsu0m26IVYHWDW3qvVpGkyljirowqRuGp01u3CSgkPSq5VBg=="
    },
    "rxjs": {
      "version": "5.4.3",
      "resolved": "https://registry.npmjs.org/rxjs/-/rxjs-5.4.3.tgz",
      "integrity": "sha512-fSNi+y+P9ss+EZuV0GcIIqPUK07DEaMRUtLJvdcvMyFjc9dizuDjere+A4V7JrLGnm9iCc+nagV/4QdMTkqC4A==",
      "requires": {
        "symbol-observable": "1.0.4"
      }
    },
    "symbol-observable": {
      "version": "1.0.4",
      "resolved": "https://registry.npmjs.org/symbol-observable/-/symbol-observable-1.0.4.tgz",
      "integrity": "sha1-Kb9hXUqnEhvdiYsi1LP5vE4qoD0="
    },
    "tslib": {
      "version": "1.8.0",
      "resolved": "https://registry.npmjs.org/tslib/-/tslib-1.8.0.tgz",
      "integrity": "sha512-ymKWWZJST0/CkgduC2qkzjMOWr4bouhuURNXCn/inEX0L57BnRG6FhX76o7FOnsjHazCjfU2LKeSrlS2sIKQJg=="
    },
    "zone.js": {
      "version": "0.8.18",
      "resolved": "https://registry.npmjs.org/zone.js/-/zone.js-0.8.18.tgz",
      "integrity": "sha512-knKOBQM0oea3/x9pdyDuDi7RhxDlJhOIkeixXSiTKWLgs4LpK37iBc+1HaHwzlciHUKT172CymJFKo8Xgh+44Q=="
    }
  }
}
